<?xml version="1.0" encoding="utf-8"?>
<Project ToolsVersion="4.0" xmlns="http://schemas.microsoft.com/developer/msbuild/2003">
  <ItemGroup>
    <Filter Include="Source Files">
      <UniqueIdentifier>{1a20c9c4-fbf6-415c-928c-7187572d4f4f}</UniqueIdentifier>
      <Extensions>cpp;c;cxx;rc;def;r;odl;idl;hpj;bat</Extensions>
    </Filter>
    <Filter Include="Header Files">
      <UniqueIdentifier>{c9460fc7-8ed1-48fb-a814-14d34f1d3cf9}</UniqueIdentifier>
      <Extensions>h;hpp;hxx;hm;inl</Extensions>
    </Filter>
    <Filter Include="Resource Files">
      <UniqueIdentifier>{2601569a-e737-4f3b-a441-cbc55d1b13fc}</UniqueIdentifier>
      <Extensions>ico;cur;bmp;dlg;rc2;rct;bin;rgs;gif;jpg;jpeg;jpe</Extensions>
    </Filter>
  </ItemGroup>
  <ItemGroup>
    <ClCompile Include="AnimationWindow.cpp">
      <Filter>Source Files</Filter>
    </ClCompile>
    <ClCompile Include="Buffer.cpp">
      <Filter>Source Files</Filter>
    </ClCompile>
    <ClCompile Include="Camera.cpp">
      <Filter>Source Files</Filter>
    </ClCompile>
    <ClCompile Include="CameraManagerWindow.cpp">
      <Filter>Source Files</Filter>
    </ClCompile>
    <ClCompile Include="Common.cpp">
      <Filter>Source Files</Filter>
    </ClCompile>
    <ClCompile Include="ConstantTable.cpp">
      <Filter>Source Files</Filter>
    </ClCompile>
    <ClCompile Include="DataInStream.cpp">
      <Filter>Source Files</Filter>
    </ClCompile>
    <ClCompile Include="DataOutStream.cpp">
      <Filter>Source Files</Filter>
    </ClCompile>
    <ClCompile Include="Error.cpp">
      <Filter>Source Files</Filter>
    </ClCompile>
    <ClCompile Include="EventObjectManagerWindow.cpp">
      <Filter>Source Files</Filter>
    </ClCompile>
    <ClCompile Include="FileLoader.cpp">
      <Filter>Source Files</Filter>
    </ClCompile>
    <ClCompile Include="Filter.cpp">
      <Filter>Source Files</Filter>
    </ClCompile>
    <ClCompile Include="FlashingGeoset.cpp">
      <Filter>Source Files</Filter>
    </ClCompile>
    <ClCompile Include="Font.cpp">
      <Filter>Source Files</Filter>
    </ClCompile>
    <ClCompile Include="GeosetAnimationManagerWindow.cpp">
      <Filter>Source Files</Filter>
    </ClCompile>
    <ClCompile Include="GeosetManagerWindow.cpp">
      <Filter>Source Files</Filter>
    </ClCompile>
    <ClCompile Include="GlobalSequenceManagerWindow.cpp">
      <Filter>Source Files</Filter>
    </ClCompile>
    <ClCompile Include="Graphics.cpp">
      <Filter>Source Files</Filter>
    </ClCompile>
    <ClCompile Include="GraphicsWindow.cpp">
      <Filter>Source Files</Filter>
    </ClCompile>
    <ClCompile Include="Icon.cpp">
      <Filter>Source Files</Filter>
    </ClCompile>
    <ClCompile Include="Interpolator.cpp">
      <Filter>Source Files</Filter>
    </ClCompile>
    <ClCompile Include="Jpeg.cpp">
      <Filter>Source Files</Filter>
    </ClCompile>
    <ClCompile Include="Keyboard.cpp">
      <Filter>Source Files</Filter>
    </ClCompile>
    <ClCompile Include="MainWindow.cpp">
      <Filter>Source Files</Filter>
    </ClCompile>
    <ClCompile Include="ManagerWindow.cpp">
      <Filter>Source Files</Filter>
    </ClCompile>
    <ClCompile Include="MaterialManagerWindow.cpp">
      <Filter>Source Files</Filter>
    </ClCompile>
    <ClCompile Include="Mesh.cpp">
      <Filter>Source Files</Filter>
    </ClCompile>
    <ClCompile Include="Model.cpp">
      <Filter>Source Files</Filter>
    </ClCompile>
    <ClCompile Include="ModelAttachment.cpp">
      <Filter>Source Files</Filter>
    </ClCompile>
    <ClCompile Include="ModelBase.cpp">
      <Filter>Source Files</Filter>
    </ClCompile>
    <ClCompile Include="ModelBone.cpp">
      <Filter>Source Files</Filter>
    </ClCompile>
    <ClCompile Include="ModelBuilder.cpp">
      <Filter>Source Files</Filter>
    </ClCompile>
    <ClCompile Include="ModelCamera.cpp">
      <Filter>Source Files</Filter>
    </ClCompile>
    <ClCompile Include="ModelCollisionShape.cpp">
      <Filter>Source Files</Filter>
    </ClCompile>
    <ClCompile Include="ModelEventObject.cpp">
      <Filter>Source Files</Filter>
    </ClCompile>
    <ClCompile Include="ModelGeoset.cpp">
      <Filter>Source Files</Filter>
    </ClCompile>
    <ClCompile Include="ModelGeosetAnimation.cpp">
      <Filter>Source Files</Filter>
    </ClCompile>
    <ClCompile Include="ModelGeosetFace.cpp">
      <Filter>Source Files</Filter>
    </ClCompile>
    <ClCompile Include="ModelGeosetGroup.cpp">
      <Filter>Source Files</Filter>
    </ClCompile>
    <ClCompile Include="ModelGeosetVertex.cpp">
      <Filter>Source Files</Filter>
    </ClCompile>
    <ClCompile Include="ModelGlobalSequence.cpp">
      <Filter>Source Files</Filter>
    </ClCompile>
    <ClCompile Include="ModelHelper.cpp">
      <Filter>Source Files</Filter>
    </ClCompile>
    <ClCompile Include="ModelHistory.cpp">
      <Filter>Source Files</Filter>
    </ClCompile>
    <ClCompile Include="ModelImporter.cpp">
      <Filter>Source Files</Filter>
    </ClCompile>
    <ClCompile Include="ModelLight.cpp">
      <Filter>Source Files</Filter>
    </ClCompile>
    <ClCompile Include="ModelLoader.cpp">
      <Filter>Source Files</Filter>
    </ClCompile>
    <ClCompile Include="ModelLoaderMdl.cpp">
      <Filter>Source Files</Filter>
    </ClCompile>
    <ClCompile Include="ModelLoaderMdx.cpp">
      <Filter>Source Files</Filter>
    </ClCompile>
    <ClCompile Include="ModelMaterial.cpp">
      <Filter>Source Files</Filter>
    </ClCompile>
    <ClCompile Include="ModelMaterialLayer.cpp">
      <Filter>Source Files</Filter>
    </ClCompile>
    <ClCompile Include="ModelModel.cpp">
      <Filter>Source Files</Filter>
    </ClCompile>
    <ClCompile Include="ModelParticleEmitter.cpp">
      <Filter>Source Files</Filter>
    </ClCompile>
    <ClCompile Include="ModelParticleEmitter2.cpp">
      <Filter>Source Files</Filter>
    </ClCompile>
    <ClCompile Include="ModelRibbonEmitter.cpp">
      <Filter>Source Files</Filter>
    </ClCompile>
    <ClCompile Include="ModelSequence.cpp">
      <Filter>Source Files</Filter>
    </ClCompile>
    <ClCompile Include="ModelTexture.cpp">
      <Filter>Source Files</Filter>
    </ClCompile>
    <ClCompile Include="ModelTextureAnimation.cpp">
      <Filter>Source Files</Filter>
    </ClCompile>
    <ClCompile Include="ModelWindow.cpp">
      <Filter>Source Files</Filter>
    </ClCompile>
    <ClCompile Include="Mouse.cpp">
      <Filter>Source Files</Filter>
    </ClCompile>
    <ClCompile Include="Mpq.cpp">
      <Filter>Source Files</Filter>
    </ClCompile>
    <ClCompile Include="MpqWindow.cpp">
      <Filter>Source Files</Filter>
    </ClCompile>
    <ClCompile Include="MyEditor.cpp">
      <Filter>Source Files</Filter>
    </ClCompile>
    <ClCompile Include="NodeIcon.cpp">
      <Filter>Source Files</Filter>
    </ClCompile>
    <ClCompile Include="NodeManagerWindow.cpp">
      <Filter>Source Files</Filter>
    </ClCompile>
    <ClCompile Include="ObjectIdManager.cpp">
      <Filter>Source Files</Filter>
    </ClCompile>
    <ClCompile Include="Particle.cpp">
      <Filter>Source Files</Filter>
    </ClCompile>
    <ClCompile Include="ParticleManager.cpp">
      <Filter>Source Files</Filter>
    </ClCompile>
    <ClCompile Include="PixelShader.cpp">
      <Filter>Source Files</Filter>
    </ClCompile>
    <ClCompile Include="Properties.cpp">
      <Filter>Source Files</Filter>
    </ClCompile>
    <ClCompile Include="Random.cpp">
      <Filter>Source Files</Filter>
    </ClCompile>
    <ClCompile Include="Register.cpp">
      <Filter>Source Files</Filter>
    </ClCompile>
    <ClCompile Include="ResourceLoader.cpp">
      <Filter>Source Files</Filter>
    </ClCompile>
    <ClCompile Include="Ribbon.cpp">
      <Filter>Source Files</Filter>
    </ClCompile>
    <ClCompile Include="RibbonManager.cpp">
      <Filter>Source Files</Filter>
    </ClCompile>
    <ClCompile Include="SequenceManagerWindow.cpp">
      <Filter>Source Files</Filter>
    </ClCompile>
    <ClCompile Include="StdAfx.cpp">
      <Filter>Source Files</Filter>
    </ClCompile>
    <ClCompile Include="TeamColor.cpp">
      <Filter>Source Files</Filter>
    </ClCompile>
    <ClCompile Include="TemporaryFile.cpp">
      <Filter>Source Files</Filter>
    </ClCompile>
    <ClCompile Include="Texture.cpp">
      <Filter>Source Files</Filter>
    </ClCompile>
    <ClCompile Include="TextureAnimationManagerWindow.cpp">
      <Filter>Source Files</Filter>
    </ClCompile>
    <ClCompile Include="TextureLoader.cpp">
      <Filter>Source Files</Filter>
    </ClCompile>
    <ClCompile Include="TextureLoaderBasic.cpp">
      <Filter>Source Files</Filter>
    </ClCompile>
    <ClCompile Include="TextureLoaderBlp.cpp">
      <Filter>Source Files</Filter>
    </ClCompile>
    <ClCompile Include="TextureLoaderPcx.cpp">
      <Filter>Source Files</Filter>
    </ClCompile>
    <ClCompile Include="TextureManager.cpp">
      <Filter>Source Files</Filter>
    </ClCompile>
    <ClCompile Include="TextureManagerWindow.cpp">
      <Filter>Source Files</Filter>
    </ClCompile>
    <ClCompile Include="TextureWindow.cpp">
      <Filter>Source Files</Filter>
    </ClCompile>
    <ClCompile Include="Timer.cpp">
      <Filter>Source Files</Filter>
    </ClCompile>
    <ClCompile Include="TokenInStream.cpp">
      <Filter>Source Files</Filter>
    </ClCompile>
    <ClCompile Include="TokenOutStream.cpp">
      <Filter>Source Files</Filter>
    </ClCompile>
    <ClCompile Include="VertexShader.cpp">
      <Filter>Source Files</Filter>
    </ClCompile>
    <ClCompile Include="Window.cpp">
      <Filter>Source Files</Filter>
    </ClCompile>
    <ClCompile Include="WindowAttachmentDialog.cpp">
      <Filter>Source Files</Filter>
    </ClCompile>
    <ClCompile Include="WindowBoneDialog.cpp">
      <Filter>Source Files</Filter>
    </ClCompile>
    <ClCompile Include="WindowButton.cpp">
      <Filter>Source Files</Filter>
    </ClCompile>
    <ClCompile Include="WindowCameraDialog.cpp">
      <Filter>Source Files</Filter>
    </ClCompile>
    <ClCompile Include="WindowCollisionShapeDialog.cpp">
      <Filter>Source Files</Filter>
    </ClCompile>
    <ClCompile Include="WindowColoredTextDialog.cpp">
      <Filter>Source Files</Filter>
    </ClCompile>
    <ClCompile Include="WindowCombobox.cpp">
      <Filter>Source Files</Filter>
    </ClCompile>
    <ClCompile Include="WindowDialog.cpp">
      <Filter>Source Files</Filter>
    </ClCompile>
    <ClCompile Include="WindowEdit.cpp">
      <Filter>Source Files</Filter>
    </ClCompile>
    <ClCompile Include="WindowEventObjectDialog.cpp">
      <Filter>Source Files</Filter>
    </ClCompile>
    <ClCompile Include="WindowExtentDialog.cpp">
      <Filter>Source Files</Filter>
    </ClCompile>
    <ClCompile Include="WindowExtentsDialog.cpp">
      <Filter>Source Files</Filter>
    </ClCompile>
    <ClCompile Include="WindowFaceDialog.cpp">
      <Filter>Source Files</Filter>
    </ClCompile>
    <ClCompile Include="WindowFacesDialog.cpp">
      <Filter>Source Files</Filter>
    </ClCompile>
    <ClCompile Include="WindowFileDialog.cpp">
      <Filter>Source Files</Filter>
    </ClCompile>
    <ClCompile Include="WindowFrame.cpp">
      <Filter>Source Files</Filter>
    </ClCompile>
    <ClCompile Include="WindowGeosetAnimationDialog.cpp">
      <Filter>Source Files</Filter>
    </ClCompile>
    <ClCompile Include="WindowGeosetDialog.cpp">
      <Filter>Source Files</Filter>
    </ClCompile>
    <ClCompile Include="WindowGlobalSequenceDialog.cpp">
      <Filter>Source Files</Filter>
    </ClCompile>
    <ClCompile Include="WindowGroupDialog.cpp">
      <Filter>Source Files</Filter>
    </ClCompile>
    <ClCompile Include="WindowGroupsDialog.cpp">
      <Filter>Source Files</Filter>
    </ClCompile>
    <ClCompile Include="WindowHelperDialog.cpp">
      <Filter>Source Files</Filter>
    </ClCompile>
    <ClCompile Include="WindowImportGeosetDialog.cpp">
      <Filter>Source Files</Filter>
    </ClCompile>
    <ClCompile Include="WindowInterpolatorDialog.cpp">
      <Filter>Source Files</Filter>
    </ClCompile>
    <ClCompile Include="WindowLightDialog.cpp">
      <Filter>Source Files</Filter>
    </ClCompile>
    <ClCompile Include="WindowListbox.cpp">
      <Filter>Source Files</Filter>
    </ClCompile>
    <ClCompile Include="WindowLoadingScreenDialog.cpp">
      <Filter>Source Files</Filter>
    </ClCompile>
    <ClCompile Include="WindowMaterialDialog.cpp">
      <Filter>Source Files</Filter>
    </ClCompile>
    <ClCompile Include="WindowMaterialLayerDialog.cpp">
      <Filter>Source Files</Filter>
    </ClCompile>
    <ClCompile Include="WindowModelInfoDialog.cpp">
      <Filter>Source Files</Filter>
    </ClCompile>
    <ClCompile Include="WindowModelPropertiesDialog.cpp">
      <Filter>Source Files</Filter>
    </ClCompile>
    <ClCompile Include="WindowNodeDialog.cpp">
      <Filter>Source Files</Filter>
    </ClCompile>
    <ClCompile Include="WindowParticleEmitter2Dialog.cpp">
      <Filter>Source Files</Filter>
    </ClCompile>
    <ClCompile Include="WindowParticleEmitterDialog.cpp">
      <Filter>Source Files</Filter>
    </ClCompile>
    <ClCompile Include="WindowPropertiesDialog.cpp">
      <Filter>Source Files</Filter>
    </ClCompile>
    <ClCompile Include="WindowQualityDialog.cpp">
      <Filter>Source Files</Filter>
    </ClCompile>
    <ClCompile Include="WindowRegisterDialog.cpp">
      <Filter>Source Files</Filter>
    </ClCompile>
    <ClCompile Include="WindowRibbonEmitterDialog.cpp">
      <Filter>Source Files</Filter>
    </ClCompile>
    <ClCompile Include="WindowRotateDialog.cpp">
      <Filter>Source Files</Filter>
    </ClCompile>
    <ClCompile Include="WindowScaleDialog.cpp">
      <Filter>Source Files</Filter>
    </ClCompile>
    <ClCompile Include="WindowSequenceDialog.cpp">
      <Filter>Source Files</Filter>
    </ClCompile>
    <ClCompile Include="WindowTextureAnimationDialog.cpp">
      <Filter>Source Files</Filter>
    </ClCompile>
    <ClCompile Include="WindowTextureDialog.cpp">
      <Filter>Source Files</Filter>
    </ClCompile>
    <ClCompile Include="WindowTranslateDialog.cpp">
      <Filter>Source Files</Filter>
    </ClCompile>
    <ClCompile Include="WindowTreeview.cpp">
      <Filter>Source Files</Filter>
    </ClCompile>
    <ClCompile Include="WindowVertexDialog.cpp">
      <Filter>Source Files</Filter>
    </ClCompile>
    <ClCompile Include="WindowVerticesDialog.cpp">
      <Filter>Source Files</Filter>
    </ClCompile>
  </ItemGroup>
  <ItemGroup>
    <ResourceCompile Include="MyEditor.rc">
      <Filter>Source Files</Filter>
    </ResourceCompile>
  </ItemGroup>
  <ItemGroup>
    <ClInclude Include="AnimationWindow.h">
      <Filter>Header Files</Filter>
    </ClInclude>
    <ClInclude Include="Buffer.h">
      <Filter>Header Files</Filter>
    </ClInclude>
    <ClInclude Include="Camera.h">
      <Filter>Header Files</Filter>
    </ClInclude>
    <ClInclude Include="CameraManagerWindow.h">
      <Filter>Header Files</Filter>
    </ClInclude>
    <ClInclude Include="Common.h">
      <Filter>Header Files</Filter>
    </ClInclude>
    <ClInclude Include="Constants.h">
      <Filter>Header Files</Filter>
    </ClInclude>
    <ClInclude Include="ConstantTable.h">
      <Filter>Header Files</Filter>
    </ClInclude>
    <ClInclude Include="Container.h">
      <Filter>Header Files</Filter>
    </ClInclude>
    <ClInclude Include="DataInStream.h">
      <Filter>Header Files</Filter>
    </ClInclude>
    <ClInclude Include="DataOutStream.h">
      <Filter>Header Files</Filter>
    </ClInclude>
    <ClInclude Include="Definitions.h">
      <Filter>Header Files</Filter>
    </ClInclude>
    <ClInclude Include="Error.h">
      <Filter>Header Files</Filter>
    </ClInclude>
    <ClInclude Include="EventObjectManagerWindow.h">
      <Filter>Header Files</Filter>
    </ClInclude>
    <ClInclude Include="Extent.h">
      <Filter>Header Files</Filter>
    </ClInclude>
    <ClInclude Include="FileLoader.h">
      <Filter>Header Files</Filter>
    </ClInclude>
    <ClInclude Include="Filter.h">
      <Filter>Header Files</Filter>
    </ClInclude>
    <ClInclude Include="FlashingGeoset.h">
      <Filter>Header Files</Filter>
    </ClInclude>
    <ClInclude Include="Font.h">
      <Filter>Header Files</Filter>
    </ClInclude>
    <ClInclude Include="GeosetAnimationManagerWindow.h">
      <Filter>Header Files</Filter>
    </ClInclude>
    <ClInclude Include="GeosetManagerWindow.h">
      <Filter>Header Files</Filter>
    </ClInclude>
    <ClInclude Include="GlobalSequenceManagerWindow.h">
      <Filter>Header Files</Filter>
    </ClInclude>
    <ClInclude Include="Graphics.h">
      <Filter>Header Files</Filter>
    </ClInclude>
    <ClInclude Include="GraphicsInfo.h">
      <Filter>Header Files</Filter>
    </ClInclude>
    <ClInclude Include="GraphicsWindow.h">
      <Filter>Header Files</Filter>
    </ClInclude>
    <ClInclude Include="Icon.h">
      <Filter>Header Files</Filter>
    </ClInclude>
    <ClInclude Include="Interpolator.h">
      <Filter>Header Files</Filter>
    </ClInclude>
    <ClInclude Include="jconfig.h">
      <Filter>Header Files</Filter>
    </ClInclude>
    <ClInclude Include="jmorecfg.h">
      <Filter>Header Files</Filter>
    </ClInclude>
    <ClInclude Include="Jpeg.h">
      <Filter>Header Files</Filter>
    </ClInclude>
    <ClInclude Include="jpeglib.h">
      <Filter>Header Files</Filter>
    </ClInclude>
    <ClInclude Include="Keyboard.h">
      <Filter>Header Files</Filter>
    </ClInclude>
    <ClInclude Include="MainWindow.h">
      <Filter>Header Files</Filter>
    </ClInclude>
    <ClInclude Include="ManagerWindow.h">
      <Filter>Header Files</Filter>
    </ClInclude>
    <ClInclude Include="MaterialManagerWindow.h">
      <Filter>Header Files</Filter>
    </ClInclude>
    <ClInclude Include="Mesh.h">
      <Filter>Header Files</Filter>
    </ClInclude>
    <ClInclude Include="Misc.h">
      <Filter>Header Files</Filter>
    </ClInclude>
    <ClInclude Include="Model.h">
      <Filter>Header Files</Filter>
    </ClInclude>
    <ClInclude Include="ModelAttachment.h">
      <Filter>Header Files</Filter>
    </ClInclude>
    <ClInclude Include="ModelBase.h">
      <Filter>Header Files</Filter>
    </ClInclude>
    <ClInclude Include="ModelBone.h">
      <Filter>Header Files</Filter>
    </ClInclude>
    <ClInclude Include="ModelBuilder.h">
      <Filter>Header Files</Filter>
    </ClInclude>
    <ClInclude Include="ModelCamera.h">
      <Filter>Header Files</Filter>
    </ClInclude>
    <ClInclude Include="ModelCollisionShape.h">
      <Filter>Header Files</Filter>
    </ClInclude>
    <ClInclude Include="ModelEventObject.h">
      <Filter>Header Files</Filter>
    </ClInclude>
    <ClInclude Include="ModelGeoset.h">
      <Filter>Header Files</Filter>
    </ClInclude>
    <ClInclude Include="ModelGeosetAnimation.h">
      <Filter>Header Files</Filter>
    </ClInclude>
    <ClInclude Include="ModelGeosetFace.h">
      <Filter>Header Files</Filter>
    </ClInclude>
    <ClInclude Include="ModelGeosetGroup.h">
      <Filter>Header Files</Filter>
    </ClInclude>
    <ClInclude Include="ModelGeosetVertex.h">
      <Filter>Header Files</Filter>
    </ClInclude>
    <ClInclude Include="ModelGlobalSequence.h">
      <Filter>Header Files</Filter>
    </ClInclude>
    <ClInclude Include="ModelHelper.h">
      <Filter>Header Files</Filter>
    </ClInclude>
    <ClInclude Include="ModelHistory.h">
      <Filter>Header Files</Filter>
    </ClInclude>
    <ClInclude Include="ModelImporter.h">
      <Filter>Header Files</Filter>
    </ClInclude>
    <ClInclude Include="ModelLight.h">
      <Filter>Header Files</Filter>
    </ClInclude>
    <ClInclude Include="ModelLoader.h">
      <Filter>Header Files</Filter>
    </ClInclude>
    <ClInclude Include="ModelLoaderMdl.h">
      <Filter>Header Files</Filter>
    </ClInclude>
    <ClInclude Include="ModelLoaderMdx.h">
      <Filter>Header Files</Filter>
    </ClInclude>
    <ClInclude Include="ModelMaterial.h">
      <Filter>Header Files</Filter>
    </ClInclude>
    <ClInclude Include="ModelMaterialLayer.h">
      <Filter>Header Files</Filter>
    </ClInclude>
    <ClInclude Include="ModelModel.h">
      <Filter>Header Files</Filter>
    </ClInclude>
    <ClInclude Include="ModelParticleEmitter.h">
      <Filter>Header Files</Filter>
    </ClInclude>
    <ClInclude Include="ModelParticleEmitter2.h">
      <Filter>Header Files</Filter>
    </ClInclude>
    <ClInclude Include="ModelRibbonEmitter.h">
      <Filter>Header Files</Filter>
    </ClInclude>
    <ClInclude Include="ModelSequence.h">
      <Filter>Header Files</Filter>
    </ClInclude>
    <ClInclude Include="ModelTexture.h">
      <Filter>Header Files</Filter>
    </ClInclude>
    <ClInclude Include="ModelTextureAnimation.h">
      <Filter>Header Files</Filter>
    </ClInclude>
    <ClInclude Include="ModelWindow.h">
      <Filter>Header Files</Filter>
    </ClInclude>
    <ClInclude Include="Mouse.h">
      <Filter>Header Files</Filter>
    </ClInclude>
    <ClInclude Include="Mpq.h">
      <Filter>Header Files</Filter>
    </ClInclude>
    <ClInclude Include="MpqWindow.h">
      <Filter>Header Files</Filter>
    </ClInclude>
    <ClInclude Include="NodeIcon.h">
      <Filter>Header Files</Filter>
    </ClInclude>
    <ClInclude Include="NodeManagerWindow.h">
      <Filter>Header Files</Filter>
    </ClInclude>
    <ClInclude Include="ObjectIdManager.h">
      <Filter>Header Files</Filter>
    </ClInclude>
    <ClInclude Include="Particle.h">
      <Filter>Header Files</Filter>
    </ClInclude>
    <ClInclude Include="ParticleManager.h">
      <Filter>Header Files</Filter>
    </ClInclude>
    <ClInclude Include="PixelShader.h">
      <Filter>Header Files</Filter>
    </ClInclude>
    <ClInclude Include="PreIncludes.h">
      <Filter>Header Files</Filter>
    </ClInclude>
    <ClInclude Include="Properties.h">
      <Filter>Header Files</Filter>
    </ClInclude>
    <ClInclude Include="Random.h">
      <Filter>Header Files</Filter>
    </ClInclude>
    <ClInclude Include="Reference.h">
      <Filter>Header Files</Filter>
    </ClInclude>
    <ClInclude Include="ReferenceObject.h">
      <Filter>Header Files</Filter>
    </ClInclude>
    <ClInclude Include="Register.h">
      <Filter>Header Files</Filter>
    </ClInclude>
    <ClInclude Include="Resource.h">
      <Filter>Header Files</Filter>
    </ClInclude>
    <ClInclude Include="ResourceLoader.h">
      <Filter>Header Files</Filter>
    </ClInclude>
    <ClInclude Include="Ribbon.h">
      <Filter>Header Files</Filter>
    </ClInclude>
    <ClInclude Include="RibbonManager.h">
      <Filter>Header Files</Filter>
    </ClInclude>
    <ClInclude Include="SequenceManagerWindow.h">
      <Filter>Header Files</Filter>
    </ClInclude>
    <ClInclude Include="SequenceTime.h">
      <Filter>Header Files</Filter>
    </ClInclude>
    <ClInclude Include="SimpleContainer.h">
      <Filter>Header Files</Filter>
    </ClInclude>
    <ClInclude Include="StdAfx.h">
      <Filter>Header Files</Filter>
    </ClInclude>
    <ClInclude Include="StormLib.h">
      <Filter>Header Files</Filter>
    </ClInclude>
    <ClInclude Include="StormLibStatic.h">
      <Filter>Header Files</Filter>
    </ClInclude>
    <ClInclude Include="TeamColor.h">
      <Filter>Header Files</Filter>
    </ClInclude>
    <ClInclude Include="TemporaryFile.h">
      <Filter>Header Files</Filter>
    </ClInclude>
    <ClInclude Include="Texture.h">
      <Filter>Header Files</Filter>
    </ClInclude>
    <ClInclude Include="TextureAnimationManagerWindow.h">
      <Filter>Header Files</Filter>
    </ClInclude>
    <ClInclude Include="TextureLoader.h">
      <Filter>Header Files</Filter>
    </ClInclude>
    <ClInclude Include="TextureLoaderBasic.h">
      <Filter>Header Files</Filter>
    </ClInclude>
    <ClInclude Include="TextureLoaderBlp.h">
      <Filter>Header Files</Filter>
    </ClInclude>
    <ClInclude Include="TextureLoaderPcx.h">
      <Filter>Header Files</Filter>
    </ClInclude>
    <ClInclude Include="TextureManager.h">
      <Filter>Header Files</Filter>
    </ClInclude>
    <ClInclude Include="TextureManagerWindow.h">
      <Filter>Header Files</Filter>
    </ClInclude>
    <ClInclude Include="TextureWindow.h">
      <Filter>Header Files</Filter>
    </ClInclude>
    <ClInclude Include="Timer.h">
      <Filter>Header Files</Filter>
    </ClInclude>
    <ClInclude Include="TokenInStream.h">
      <Filter>Header Files</Filter>
    </ClInclude>
    <ClInclude Include="TokenOutStream.h">
      <Filter>Header Files</Filter>
    </ClInclude>
    <ClInclude Include="Vertex.h">
      <Filter>Header Files</Filter>
    </ClInclude>
    <ClInclude Include="VertexShader.h">
      <Filter>Header Files</Filter>
    </ClInclude>
    <ClInclude Include="War3ModelImporter\War3ModelImporter.h">
      <Filter>Header Files</Filter>
    </ClInclude>
    <ClInclude Include="Window.h">
      <Filter>Header Files</Filter>
    </ClInclude>
    <ClInclude Include="WindowAttachmentDialog.h">
      <Filter>Header Files</Filter>
    </ClInclude>
    <ClInclude Include="WindowBoneDialog.h">
      <Filter>Header Files</Filter>
    </ClInclude>
    <ClInclude Include="WindowButton.h">
      <Filter>Header Files</Filter>
    </ClInclude>
    <ClInclude Include="WindowCameraDialog.h">
      <Filter>Header Files</Filter>
    </ClInclude>
    <ClInclude Include="WindowCollisionShapeDialog.h">
      <Filter>Header Files</Filter>
    </ClInclude>
    <ClInclude Include="WindowColoredTextDialog.h">
      <Filter>Header Files</Filter>
    </ClInclude>
    <ClInclude Include="WindowCombobox.h">
      <Filter>Header Files</Filter>
    </ClInclude>
    <ClInclude Include="WindowDialog.h">
      <Filter>Header Files</Filter>
    </ClInclude>
    <ClInclude Include="WindowEdit.h">
      <Filter>Header Files</Filter>
    </ClInclude>
    <ClInclude Include="WindowEventObjectDialog.h">
      <Filter>Header Files</Filter>
    </ClInclude>
    <ClInclude Include="WindowExtentDialog.h">
      <Filter>Header Files</Filter>
    </ClInclude>
    <ClInclude Include="WindowExtentsDialog.h">
      <Filter>Header Files</Filter>
    </ClInclude>
    <ClInclude Include="WindowFaceDialog.h">
      <Filter>Header Files</Filter>
    </ClInclude>
    <ClInclude Include="WindowFacesDialog.h">
      <Filter>Header Files</Filter>
    </ClInclude>
    <ClInclude Include="WindowFileDialog.h">
      <Filter>Header Files</Filter>
    </ClInclude>
    <ClInclude Include="WindowFrame.h">
      <Filter>Header Files</Filter>
    </ClInclude>
    <ClInclude Include="WindowGeosetAnimationDialog.h">
      <Filter>Header Files</Filter>
    </ClInclude>
    <ClInclude Include="WindowGeosetDialog.h">
      <Filter>Header Files</Filter>
    </ClInclude>
    <ClInclude Include="WindowGlobalSequenceDialog.h">
      <Filter>Header Files</Filter>
    </ClInclude>
    <ClInclude Include="WindowGroupDialog.h">
      <Filter>Header Files</Filter>
    </ClInclude>
    <ClInclude Include="WindowGroupsDialog.h">
      <Filter>Header Files</Filter>
    </ClInclude>
    <ClInclude Include="WindowHelperDialog.h">
      <Filter>Header Files</Filter>
    </ClInclude>
    <ClInclude Include="WindowImportGeosetDialog.h">
      <Filter>Header Files</Filter>
    </ClInclude>
    <ClInclude Include="WindowInterpolatorDialog.h">
      <Filter>Header Files</Filter>
    </ClInclude>
    <ClInclude Include="WindowLightDialog.h">
      <Filter>Header Files</Filter>
    </ClInclude>
    <ClInclude Include="WindowListbox.h">
      <Filter>Header Files</Filter>
    </ClInclude>
    <ClInclude Include="WindowLoadingScreenDialog.h">
      <Filter>Header Files</Filter>
    </ClInclude>
    <ClInclude Include="WindowMaterialDialog.h">
      <Filter>Header Files</Filter>
    </ClInclude>
    <ClInclude Include="WindowMaterialLayerDialog.h">
      <Filter>Header Files</Filter>
    </ClInclude>
    <ClInclude Include="WindowModelInfoDialog.h">
      <Filter>Header Files</Filter>
    </ClInclude>
    <ClInclude Include="WindowModelPropertiesDialog.h">
      <Filter>Header Files</Filter>
    </ClInclude>
    <ClInclude Include="WindowNodeDialog.h">
      <Filter>Header Files</Filter>
    </ClInclude>
    <ClInclude Include="WindowParticleEmitter2Dialog.h">
      <Filter>Header Files</Filter>
    </ClInclude>
    <ClInclude Include="WindowParticleEmitterDialog.h">
      <Filter>Header Files</Filter>
    </ClInclude>
    <ClInclude Include="WindowPropertiesDialog.h">
      <Filter>Header Files</Filter>
    </ClInclude>
    <ClInclude Include="WindowQualityDialog.h">
      <Filter>Header Files</Filter>
    </ClInclude>
    <ClInclude Include="WindowRegisterDialog.h">
      <Filter>Header Files</Filter>
    </ClInclude>
    <ClInclude Include="WindowRibbonEmitterDialog.h">
      <Filter>Header Files</Filter>
    </ClInclude>
    <ClInclude Include="WindowRotateDialog.h">
      <Filter>Header Files</Filter>
    </ClInclude>
    <ClInclude Include="WindowScaleDialog.h">
      <Filter>Header Files</Filter>
    </ClInclude>
    <ClInclude Include="WindowSequenceDialog.h">
      <Filter>Header Files</Filter>
    </ClInclude>
    <ClInclude Include="WindowTextureAnimationDialog.h">
      <Filter>Header Files</Filter>
    </ClInclude>
    <ClInclude Include="WindowTextureDialog.h">
      <Filter>Header Files</Filter>
    </ClInclude>
    <ClInclude Include="WindowTranslateDialog.h">
      <Filter>Header Files</Filter>
    </ClInclude>
    <ClInclude Include="WindowTreeview.h">
      <Filter>Header Files</Filter>
    </ClInclude>
    <ClInclude Include="WindowVertexDialog.h">
      <Filter>Header Files</Filter>
    </ClInclude>
    <ClInclude Include="WindowVerticesDialog.h">
      <Filter>Header Files</Filter>
    </ClInclude>
  </ItemGroup>
  <ItemGroup>
    <Image Include="ProgramIcons\_War3ModelEditor.ico">
      <Filter>Resource Files</Filter>
    </Image>
    <Image Include="ProgramIcons\archive.ico">
      <Filter>Resource Files</Filter>
    </Image>
    <Image Include="ProgramIcons\attachment.ico">
      <Filter>Resource Files</Filter>
    </Image>
    <Image Include="ProgramIcons\bone.ico">
      <Filter>Resource Files</Filter>
    </Image>
    <Image Include="ProgramIcons\collisionshape.ico">
      <Filter>Resource Files</Filter>
    </Image>
    <Image Include="ProgramIcons\eventobject.ico">
      <Filter>Resource Files</Filter>
    </Image>
    <Image Include="ProgramIcons\folder.ico">
      <Filter>Resource Files</Filter>
    </Image>
    <Image Include="ProgramIcons\helper.ico">
      <Filter>Resource Files</Filter>
    </Image>
    <Image Include="ProgramIcons\image.ico">
      <Filter>Resource Files</Filter>
    </Image>
    <Image Include="ProgramIcons\light.ico">
      <Filter>Resource Files</Filter>
    </Image>
    <Image Include="ProgramIcons\model.ico">
      <Filter>Resource Files</Filter>
    </Image>
    <Image Include="ProgramIcons\particleemitter.ico">
      <Filter>Resource Files</Filter>
    </Image>
    <Image Include="ProgramIcons\particleemitter2.ico">
      <Filter>Resource Files</Filter>
    </Image>
    <Image Include="ProgramIcons\ribbonemitter.ico">
      <Filter>Resource Files</Filter>
    </Image>
    <Image Include="ProgramIcons\unknown.ico">
      <Filter>Resource Files</Filter>
    </Image>
  </ItemGroup>
  <ItemGroup>
    <Text Include="ReadMe.txt" />
  </ItemGroup>
</Project>